Microsoft Visual Studio Solution File, Format Version 12.00
# Visual Studio Version 17
VisualStudioVersion = 17.5.2.0
MinimumVisualStudioVersion = 10.0.40219.1
Project("{FAE04EC0-301F-11D3-BF4B-00C04F79EFBC}") = "SecureJwtLoggingAPI", "SecureJwtLoggingAPI.csproj", "{65EDE75F-7A57-032A-5931-4C9D2D92F608}"
EndProject
Global
	GlobalSection(SolutionConfigurationPlatforms) = preSolution
		Debug|Any CPU = Debug|Any CPU
		Release|Any CPU = Release|Any CPU
	EndGlobalSection
	GlobalSection(ProjectConfigurationPlatforms) = postSolution
		{65EDE75F-7A57-032A-5931-4C9D2D92F608}.Debug|Any CPU.ActiveCfg = Debug|Any CPU
		{65EDE75F-7A57-032A-5931-4C9D2D92F608}.Debug|Any CPU.Build.0 = Debug|Any CPU
		{65EDE75F-7A57-032A-5931-4C9D2D92F608}.Release|Any CPU.ActiveCfg = Release|Any CPU
		{65EDE75F-7A57-032A-5931-4C9D2D92F608}.Release|Any CPU.Build.0 = Release|Any CPU
	EndGlobalSection
	GlobalSection(SolutionProperties) = preSolution
		HideSolutionNode = FALSE
	EndGlobalSection
	GlobalSection(ExtensibilityGlobals) = postSolution
		SolutionGuid = {D0712F71-AEE4-4324-9108-562F3EF7A2D1}
	EndGlobalSection
EndGlobal
